
Microsoft Visual Studio Solution File, Format Version 12.00
# Visual Studio Version 17
VisualStudioVersion = 17.3.32901.215
MinimumVisualStudioVersion = 10.0.40219.1
Project("{2150E333-8FDC-42A3-9474-1A3956D46DE8}") = "src", "src", "{0187926D-CD23-4607-8B47-835F91C844B9}"
EndProject
Project("{FAE04EC0-301F-11D3-BF4B-00C04F79EFBC}") = "YARP-Proxy", "src\YARP-Proxy\YARP-Proxy.csproj", "{946CC6EC-7CFF-47B6-8108-0AA901E2DC7E}"
EndProject
Project("{FAE04EC0-301F-11D3-BF4B-00C04F79EFBC}") = "Backend", "src\Backend\Backend.csproj", "{8B5BB709-A8F8-49CE-83DD-B8510548C8ED}"
EndProject
Project("{E53339B2-1760-4266-BCC7-CA923CBCF16C}") = "docker-compose", "docker-compose.dcproj", "{82C1235F-3F3F-446A-991F-1DC4F95FDD2F}"
EndProject
Global
	GlobalSection(SolutionConfigurationPlatforms) = preSolution
		Debug|Any CPU = Debug|Any CPU
		Release|Any CPU = Release|Any CPU
	EndGlobalSection
	GlobalSection(ProjectConfigurationPlatforms) = postSolution
		{946CC6EC-7CFF-47B6-8108-0AA901E2DC7E}.Debug|Any CPU.ActiveCfg = Debug|Any CPU
		{946CC6EC-7CFF-47B6-8108-0AA901E2DC7E}.Debug|Any CPU.Build.0 = Debug|Any CPU
		{946CC6EC-7CFF-47B6-8108-0AA901E2DC7E}.Release|Any CPU.ActiveCfg = Release|Any CPU
		{946CC6EC-7CFF-47B6-8108-0AA901E2DC7E}.Release|Any CPU.Build.0 = Release|Any CPU
		{8B5BB709-A8F8-49CE-83DD-B8510548C8ED}.Debug|Any CPU.ActiveCfg = Debug|Any CPU
		{8B5BB709-A8F8-49CE-83DD-B8510548C8ED}.Debug|Any CPU.Build.0 = Debug|Any CPU
		{8B5BB709-A8F8-49CE-83DD-B8510548C8ED}.Release|Any CPU.ActiveCfg = Release|Any CPU
		{8B5BB709-A8F8-49CE-83DD-B8510548C8ED}.Release|Any CPU.Build.0 = Release|Any CPU
		{82C1235F-3F3F-446A-991F-1DC4F95FDD2F}.Debug|Any CPU.ActiveCfg = Debug|Any CPU
		{82C1235F-3F3F-446A-991F-1DC4F95FDD2F}.Debug|Any CPU.Build.0 = Debug|Any CPU
		{82C1235F-3F3F-446A-991F-1DC4F95FDD2F}.Release|Any CPU.ActiveCfg = Release|Any CPU
		{82C1235F-3F3F-446A-991F-1DC4F95FDD2F}.Release|Any CPU.Build.0 = Release|Any CPU
	EndGlobalSection
	GlobalSection(SolutionProperties) = preSolution
		HideSolutionNode = FALSE
	EndGlobalSection
	GlobalSection(NestedProjects) = preSolution
		{946CC6EC-7CFF-47B6-8108-0AA901E2DC7E} = {0187926D-CD23-4607-8B47-835F91C844B9}
		{8B5BB709-A8F8-49CE-83DD-B8510548C8ED} = {0187926D-CD23-4607-8B47-835F91C844B9}
	EndGlobalSection
	GlobalSection(ExtensibilityGlobals) = postSolution
		SolutionGuid = {305F115A-7388-474D-AAB8-737A36594232}
	EndGlobalSection
EndGlobal
